
Microsoft Visual Studio Solution File, Format Version 12.00
# Visual Studio Version 17
VisualStudioVersion = 17.9.34728.123
MinimumVisualStudioVersion = 10.0.40219.1
Project("{FAE04EC0-301F-11D3-BF4B-00C04F79EFBC}") = "JsonSerializeAndDeserialize", "JsonSerializeAndDeserialize\JsonSerializeAndDeserialize.csproj", "{35FF85BC-7838-4CBC-8845-9D5753F0E31F}"
EndProject
Global
	GlobalSection(SolutionConfigurationPlatforms) = preSolution
		Debug|Any CPU = Debug|Any CPU
		Release|Any CPU = Release|Any CPU
	EndGlobalSection
	GlobalSection(ProjectConfigurationPlatforms) = postSolution
		{35FF85BC-7838-4CBC-8845-9D5753F0E31F}.Debug|Any CPU.ActiveCfg = Debug|Any CPU
		{35FF85BC-7838-4CBC-8845-9D5753F0E31F}.Debug|Any CPU.Build.0 = Debug|Any CPU
		{35FF85BC-7838-4CBC-8845-9D5753F0E31F}.Release|Any CPU.ActiveCfg = Release|Any CPU
		{35FF85BC-7838-4CBC-8845-9D5753F0E31F}.Release|Any CPU.Build.0 = Release|Any CPU
	EndGlobalSection
	GlobalSection(SolutionProperties) = preSolution
		HideSolutionNode = FALSE
	EndGlobalSection
	GlobalSection(ExtensibilityGlobals) = postSolution
		SolutionGuid = {E023B827-B0AC-4928-AC1E-0D83C87F8335}
	EndGlobalSection
EndGlobal
